{
  "requires": true,
  "lockfileVersion": 1,
  "dependencies": {
    "mongoose-transactions": {
      "version": "1.1.1",
      "resolved": "https://registry.npmjs.org/mongoose-transactions/-/mongoose-transactions-1.1.1.tgz",
      "integrity": "sha512-gS67uctUMNeH9j4A3vcTj9H01oinwozmDqRGUfL0c614AoNAbmmXYL23iO7ma0gt2eVAi2c8nZyMNGCKNB9cJQ=="
    }
  }
}
